
Microsoft Visual Studio Solution File, Format Version 12.00
# Visual Studio Version 16
VisualStudioVersion = 16.0.31729.503
MinimumVisualStudioVersion = 10.0.40219.1
Project("{FAE04EC0-301F-11D3-BF4B-00C04F79EFBC}") = "MCD_MessageBoxUygulama", "MCD_MessageBoxUygulama\MCD_MessageBoxUygulama.csproj", "{26531AAB-DAB8-45D7-A62B-ECE0A978B2DF}"
EndProject
Global
	GlobalSection(SolutionConfigurationPlatforms) = preSolution
		Debug|Any CPU = Debug|Any CPU
		Release|Any CPU = Release|Any CPU
	EndGlobalSection
	GlobalSection(ProjectConfigurationPlatforms) = postSolution
		{26531AAB-DAB8-45D7-A62B-ECE0A978B2DF}.Debug|Any CPU.ActiveCfg = Debug|Any CPU
		{26531AAB-DAB8-45D7-A62B-ECE0A978B2DF}.Debug|Any CPU.Build.0 = Debug|Any CPU
		{26531AAB-DAB8-45D7-A62B-ECE0A978B2DF}.Release|Any CPU.ActiveCfg = Release|Any CPU
		{26531AAB-DAB8-45D7-A62B-ECE0A978B2DF}.Release|Any CPU.Build.0 = Release|Any CPU
	EndGlobalSection
	GlobalSection(SolutionProperties) = preSolution
		HideSolutionNode = FALSE
	EndGlobalSection
	GlobalSection(ExtensibilityGlobals) = postSolution
		SolutionGuid = {B58E558D-D72A-4D19-8A8D-C11CDB1CAC4F}
	EndGlobalSection
EndGlobal
